
Microsoft Visual Studio Solution File, Format Version 12.00
# Visual Studio 15
VisualStudioVersion = 15.0.26730.15
MinimumVisualStudioVersion = 10.0.40219.1
Project("{FAE04EC0-301F-11D3-BF4B-00C04F79EFBC}") = "Itsearviointi", "Itsearviointi\Itsearviointi.csproj", "{483C22C7-141A-4A64-9CA4-9AC466CCC4B1}"
EndProject
Project("{FAE04EC0-301F-11D3-BF4B-00C04F79EFBC}") = "Itsearviointi-2", "Itsearviointi-2\Itsearviointi-2.csproj", "{FE7BFD7E-7E74-4081-AAF7-A5DD7297B42F}"
EndProject
Project("{FAE04EC0-301F-11D3-BF4B-00C04F79EFBC}") = "Itsearviointi-3", "Itsearviointi-3\Itsearviointi-3.csproj", "{0E754EB7-ED08-4C28-AAAD-B789DCD90EB9}"
EndProject
Global
	GlobalSection(SolutionConfigurationPlatforms) = preSolution
		Debug|Any CPU = Debug|Any CPU
		Release|Any CPU = Release|Any CPU
	EndGlobalSection
	GlobalSection(ProjectConfigurationPlatforms) = postSolution
		{483C22C7-141A-4A64-9CA4-9AC466CCC4B1}.Debug|Any CPU.ActiveCfg = Debug|Any CPU
		{483C22C7-141A-4A64-9CA4-9AC466CCC4B1}.Debug|Any CPU.Build.0 = Debug|Any CPU
		{483C22C7-141A-4A64-9CA4-9AC466CCC4B1}.Release|Any CPU.ActiveCfg = Release|Any CPU
		{483C22C7-141A-4A64-9CA4-9AC466CCC4B1}.Release|Any CPU.Build.0 = Release|Any CPU
		{FE7BFD7E-7E74-4081-AAF7-A5DD7297B42F}.Debug|Any CPU.ActiveCfg = Debug|Any CPU
		{FE7BFD7E-7E74-4081-AAF7-A5DD7297B42F}.Debug|Any CPU.Build.0 = Debug|Any CPU
		{FE7BFD7E-7E74-4081-AAF7-A5DD7297B42F}.Release|Any CPU.ActiveCfg = Release|Any CPU
		{FE7BFD7E-7E74-4081-AAF7-A5DD7297B42F}.Release|Any CPU.Build.0 = Release|Any CPU
		{0E754EB7-ED08-4C28-AAAD-B789DCD90EB9}.Debug|Any CPU.ActiveCfg = Debug|Any CPU
		{0E754EB7-ED08-4C28-AAAD-B789DCD90EB9}.Debug|Any CPU.Build.0 = Debug|Any CPU
		{0E754EB7-ED08-4C28-AAAD-B789DCD90EB9}.Release|Any CPU.ActiveCfg = Release|Any CPU
		{0E754EB7-ED08-4C28-AAAD-B789DCD90EB9}.Release|Any CPU.Build.0 = Release|Any CPU
	EndGlobalSection
	GlobalSection(SolutionProperties) = preSolution
		HideSolutionNode = FALSE
	EndGlobalSection
	GlobalSection(ExtensibilityGlobals) = postSolution
		SolutionGuid = {BB9AEA05-7A91-42D1-BE4A-A5D48BAABA5A}
	EndGlobalSection
EndGlobal
