
Microsoft Visual Studio Solution File, Format Version 12.00
# Visual Studio 15
VisualStudioVersion = 15.0.26730.15
MinimumVisualStudioVersion = 10.0.40219.1
Project("{FAE04EC0-301F-11D3-BF4B-00C04F79EFBC}") = "Kertaustehtävä", "Kertaustehtävä\Kertaustehtävä.csproj", "{AB7789C1-F437-4D4A-9831-D6392944D8A6}"
EndProject
Global
	GlobalSection(SolutionConfigurationPlatforms) = preSolution
		Debug|Any CPU = Debug|Any CPU
		Release|Any CPU = Release|Any CPU
	EndGlobalSection
	GlobalSection(ProjectConfigurationPlatforms) = postSolution
		{AB7789C1-F437-4D4A-9831-D6392944D8A6}.Debug|Any CPU.ActiveCfg = Debug|Any CPU
		{AB7789C1-F437-4D4A-9831-D6392944D8A6}.Debug|Any CPU.Build.0 = Debug|Any CPU
		{AB7789C1-F437-4D4A-9831-D6392944D8A6}.Release|Any CPU.ActiveCfg = Release|Any CPU
		{AB7789C1-F437-4D4A-9831-D6392944D8A6}.Release|Any CPU.Build.0 = Release|Any CPU
	EndGlobalSection
	GlobalSection(SolutionProperties) = preSolution
		HideSolutionNode = FALSE
	EndGlobalSection
	GlobalSection(ExtensibilityGlobals) = postSolution
		SolutionGuid = {459E46BD-90C8-4435-825F-FF11F12D4304}
	EndGlobalSection
EndGlobal
