
Microsoft Visual Studio Solution File, Format Version 12.00
# Visual Studio 15
VisualStudioVersion = 15.0.26730.15
MinimumVisualStudioVersion = 10.0.40219.1
Project("{FAE04EC0-301F-11D3-BF4B-00C04F79EFBC}") = "string-handling-2-1", "string-handling-2-1\string-handling-2-1.csproj", "{5FBC6348-DEEA-4A2D-A660-F50695FDED3E}"
EndProject
Global
	GlobalSection(SolutionConfigurationPlatforms) = preSolution
		Debug|Any CPU = Debug|Any CPU
		Release|Any CPU = Release|Any CPU
	EndGlobalSection
	GlobalSection(ProjectConfigurationPlatforms) = postSolution
		{5FBC6348-DEEA-4A2D-A660-F50695FDED3E}.Debug|Any CPU.ActiveCfg = Debug|Any CPU
		{5FBC6348-DEEA-4A2D-A660-F50695FDED3E}.Debug|Any CPU.Build.0 = Debug|Any CPU
		{5FBC6348-DEEA-4A2D-A660-F50695FDED3E}.Release|Any CPU.ActiveCfg = Release|Any CPU
		{5FBC6348-DEEA-4A2D-A660-F50695FDED3E}.Release|Any CPU.Build.0 = Release|Any CPU
	EndGlobalSection
	GlobalSection(SolutionProperties) = preSolution
		HideSolutionNode = FALSE
	EndGlobalSection
	GlobalSection(ExtensibilityGlobals) = postSolution
		SolutionGuid = {D31DA86F-CFF3-469C-8F9A-7857B6E5009A}
	EndGlobalSection
EndGlobal
