
Microsoft Visual Studio Solution File, Format Version 12.00
# Visual Studio 15
VisualStudioVersion = 15.0.26730.15
MinimumVisualStudioVersion = 10.0.40219.1
Project("{9A19103F-16F7-4668-BE54-9A1E7A4F7556}") = "task -1", "conditional-statment\task -1.csproj", "{18EA62B4-3CBA-4F07-8A06-2DA69807297D}"
EndProject
Project("{FAE04EC0-301F-11D3-BF4B-00C04F79EFBC}") = "task-2", "task-2\task-2.csproj", "{0C1F6B6C-9FFC-450A-8FFB-865E94FE0E76}"
EndProject
Project("{FAE04EC0-301F-11D3-BF4B-00C04F79EFBC}") = "task-3", "task-3\task-3.csproj", "{9EEA017F-1A1B-42EF-9964-5FD4E8E9C503}"
EndProject
Project("{FAE04EC0-301F-11D3-BF4B-00C04F79EFBC}") = "task - 4", "task - 4\task - 4.csproj", "{794B5F95-5148-486E-AE69-79342D3D8281}"
EndProject
Global
	GlobalSection(SolutionConfigurationPlatforms) = preSolution
		Debug|Any CPU = Debug|Any CPU
		Release|Any CPU = Release|Any CPU
	EndGlobalSection
	GlobalSection(ProjectConfigurationPlatforms) = postSolution
		{18EA62B4-3CBA-4F07-8A06-2DA69807297D}.Debug|Any CPU.ActiveCfg = Debug|Any CPU
		{18EA62B4-3CBA-4F07-8A06-2DA69807297D}.Debug|Any CPU.Build.0 = Debug|Any CPU
		{18EA62B4-3CBA-4F07-8A06-2DA69807297D}.Release|Any CPU.ActiveCfg = Release|Any CPU
		{18EA62B4-3CBA-4F07-8A06-2DA69807297D}.Release|Any CPU.Build.0 = Release|Any CPU
		{0C1F6B6C-9FFC-450A-8FFB-865E94FE0E76}.Debug|Any CPU.ActiveCfg = Debug|Any CPU
		{0C1F6B6C-9FFC-450A-8FFB-865E94FE0E76}.Debug|Any CPU.Build.0 = Debug|Any CPU
		{0C1F6B6C-9FFC-450A-8FFB-865E94FE0E76}.Release|Any CPU.ActiveCfg = Release|Any CPU
		{0C1F6B6C-9FFC-450A-8FFB-865E94FE0E76}.Release|Any CPU.Build.0 = Release|Any CPU
		{9EEA017F-1A1B-42EF-9964-5FD4E8E9C503}.Debug|Any CPU.ActiveCfg = Debug|Any CPU
		{9EEA017F-1A1B-42EF-9964-5FD4E8E9C503}.Debug|Any CPU.Build.0 = Debug|Any CPU
		{9EEA017F-1A1B-42EF-9964-5FD4E8E9C503}.Release|Any CPU.ActiveCfg = Release|Any CPU
		{9EEA017F-1A1B-42EF-9964-5FD4E8E9C503}.Release|Any CPU.Build.0 = Release|Any CPU
		{794B5F95-5148-486E-AE69-79342D3D8281}.Debug|Any CPU.ActiveCfg = Debug|Any CPU
		{794B5F95-5148-486E-AE69-79342D3D8281}.Debug|Any CPU.Build.0 = Debug|Any CPU
		{794B5F95-5148-486E-AE69-79342D3D8281}.Release|Any CPU.ActiveCfg = Release|Any CPU
		{794B5F95-5148-486E-AE69-79342D3D8281}.Release|Any CPU.Build.0 = Release|Any CPU
	EndGlobalSection
	GlobalSection(SolutionProperties) = preSolution
		HideSolutionNode = FALSE
	EndGlobalSection
	GlobalSection(ExtensibilityGlobals) = postSolution
		SolutionGuid = {F52C3525-A8BF-4F5E-84DD-F33581AABB4F}
	EndGlobalSection
EndGlobal
