
Microsoft Visual Studio Solution File, Format Version 12.00
# Visual Studio 15
VisualStudioVersion = 15.0.26730.15
MinimumVisualStudioVersion = 10.0.40219.1
Project("{9A19103F-16F7-4668-BE54-9A1E7A4F7556}") = "funktions-1", "funktions-1\funktions-1.csproj", "{8B21D2B7-0CFD-422D-8291-FEF9E97F1897}"
EndProject
Project("{FAE04EC0-301F-11D3-BF4B-00C04F79EFBC}") = "funktio-2", "funktio-2\funktio-2.csproj", "{CD729D1A-B673-43B3-B397-83C9E09C9FD4}"
EndProject
Global
	GlobalSection(SolutionConfigurationPlatforms) = preSolution
		Debug|Any CPU = Debug|Any CPU
		Release|Any CPU = Release|Any CPU
	EndGlobalSection
	GlobalSection(ProjectConfigurationPlatforms) = postSolution
		{8B21D2B7-0CFD-422D-8291-FEF9E97F1897}.Debug|Any CPU.ActiveCfg = Debug|Any CPU
		{8B21D2B7-0CFD-422D-8291-FEF9E97F1897}.Debug|Any CPU.Build.0 = Debug|Any CPU
		{8B21D2B7-0CFD-422D-8291-FEF9E97F1897}.Release|Any CPU.ActiveCfg = Release|Any CPU
		{8B21D2B7-0CFD-422D-8291-FEF9E97F1897}.Release|Any CPU.Build.0 = Release|Any CPU
		{CD729D1A-B673-43B3-B397-83C9E09C9FD4}.Debug|Any CPU.ActiveCfg = Debug|Any CPU
		{CD729D1A-B673-43B3-B397-83C9E09C9FD4}.Debug|Any CPU.Build.0 = Debug|Any CPU
		{CD729D1A-B673-43B3-B397-83C9E09C9FD4}.Release|Any CPU.ActiveCfg = Release|Any CPU
		{CD729D1A-B673-43B3-B397-83C9E09C9FD4}.Release|Any CPU.Build.0 = Release|Any CPU
	EndGlobalSection
	GlobalSection(SolutionProperties) = preSolution
		HideSolutionNode = FALSE
	EndGlobalSection
	GlobalSection(ExtensibilityGlobals) = postSolution
		SolutionGuid = {B36ED1A3-AD3F-48A3-9856-5897D60524B3}
	EndGlobalSection
EndGlobal
