
Microsoft Visual Studio Solution File, Format Version 12.00
# Visual Studio 15
VisualStudioVersion = 15.0.26730.15
MinimumVisualStudioVersion = 10.0.40219.1
Project("{9A19103F-16F7-4668-BE54-9A1E7A4F7556}") = "loop-example", "loop-example\loop-example.csproj", "{9D26158F-CA65-47A2-91DB-88566E34598A}"
EndProject
Project("{9A19103F-16F7-4668-BE54-9A1E7A4F7556}") = "loop-2", "loop-2\loop-2.csproj", "{7BA4DBAB-566C-42DF-AFF9-B7B7D0BEE025}"
EndProject
Project("{9A19103F-16F7-4668-BE54-9A1E7A4F7556}") = "loop-3", "loop-3\loop-3.csproj", "{D76E1F8B-A3FF-4FC5-84EC-793B1620BFB8}"
EndProject
Project("{FAE04EC0-301F-11D3-BF4B-00C04F79EFBC}") = "loop-4", "loop-4\loop-4.csproj", "{DE21568A-1C4C-4532-9201-EC3C76714D13}"
EndProject
Global
	GlobalSection(SolutionConfigurationPlatforms) = preSolution
		Debug|Any CPU = Debug|Any CPU
		Release|Any CPU = Release|Any CPU
	EndGlobalSection
	GlobalSection(ProjectConfigurationPlatforms) = postSolution
		{9D26158F-CA65-47A2-91DB-88566E34598A}.Debug|Any CPU.ActiveCfg = Debug|Any CPU
		{9D26158F-CA65-47A2-91DB-88566E34598A}.Debug|Any CPU.Build.0 = Debug|Any CPU
		{9D26158F-CA65-47A2-91DB-88566E34598A}.Release|Any CPU.ActiveCfg = Release|Any CPU
		{9D26158F-CA65-47A2-91DB-88566E34598A}.Release|Any CPU.Build.0 = Release|Any CPU
		{7BA4DBAB-566C-42DF-AFF9-B7B7D0BEE025}.Debug|Any CPU.ActiveCfg = Debug|Any CPU
		{7BA4DBAB-566C-42DF-AFF9-B7B7D0BEE025}.Debug|Any CPU.Build.0 = Debug|Any CPU
		{7BA4DBAB-566C-42DF-AFF9-B7B7D0BEE025}.Release|Any CPU.ActiveCfg = Release|Any CPU
		{7BA4DBAB-566C-42DF-AFF9-B7B7D0BEE025}.Release|Any CPU.Build.0 = Release|Any CPU
		{D76E1F8B-A3FF-4FC5-84EC-793B1620BFB8}.Debug|Any CPU.ActiveCfg = Debug|Any CPU
		{D76E1F8B-A3FF-4FC5-84EC-793B1620BFB8}.Debug|Any CPU.Build.0 = Debug|Any CPU
		{D76E1F8B-A3FF-4FC5-84EC-793B1620BFB8}.Release|Any CPU.ActiveCfg = Release|Any CPU
		{D76E1F8B-A3FF-4FC5-84EC-793B1620BFB8}.Release|Any CPU.Build.0 = Release|Any CPU
		{DE21568A-1C4C-4532-9201-EC3C76714D13}.Debug|Any CPU.ActiveCfg = Debug|Any CPU
		{DE21568A-1C4C-4532-9201-EC3C76714D13}.Debug|Any CPU.Build.0 = Debug|Any CPU
		{DE21568A-1C4C-4532-9201-EC3C76714D13}.Release|Any CPU.ActiveCfg = Release|Any CPU
		{DE21568A-1C4C-4532-9201-EC3C76714D13}.Release|Any CPU.Build.0 = Release|Any CPU
	EndGlobalSection
	GlobalSection(SolutionProperties) = preSolution
		HideSolutionNode = FALSE
	EndGlobalSection
	GlobalSection(ExtensibilityGlobals) = postSolution
		SolutionGuid = {21D58F78-1C91-4E9E-9137-E3C639782027}
	EndGlobalSection
EndGlobal
